
Microsoft Visual Studio Solution File, Format Version 12.00
# Visual Studio Version 16
VisualStudioVersion = 16.0.29806.167
MinimumVisualStudioVersion = 10.0.40219.1
Project("{9A19103F-16F7-4668-BE54-9A1E7A4F7556}") = "Goiabinha_WebApi", "Goiabinha_WebApi.csproj", "{3F1ED297-745B-467A-B290-BC3AD1168AD0}"
EndProject
Project("{9A19103F-16F7-4668-BE54-9A1E7A4F7556}") = "XUnitTest_Goiabeira", "..\XUnitTest_Goiabeira\XUnitTest_Goiabeira.csproj", "{79807061-E1F8-4CF4-87BA-AB9E8CC311C1}"
EndProject
Global
	GlobalSection(SolutionConfigurationPlatforms) = preSolution
		Debug|Any CPU = Debug|Any CPU
		Release|Any CPU = Release|Any CPU
	EndGlobalSection
	GlobalSection(ProjectConfigurationPlatforms) = postSolution
		{3F1ED297-745B-467A-B290-BC3AD1168AD0}.Debug|Any CPU.ActiveCfg = Debug|Any CPU
		{3F1ED297-745B-467A-B290-BC3AD1168AD0}.Debug|Any CPU.Build.0 = Debug|Any CPU
		{3F1ED297-745B-467A-B290-BC3AD1168AD0}.Release|Any CPU.ActiveCfg = Release|Any CPU
		{3F1ED297-745B-467A-B290-BC3AD1168AD0}.Release|Any CPU.Build.0 = Release|Any CPU
		{79807061-E1F8-4CF4-87BA-AB9E8CC311C1}.Debug|Any CPU.ActiveCfg = Debug|Any CPU
		{79807061-E1F8-4CF4-87BA-AB9E8CC311C1}.Debug|Any CPU.Build.0 = Debug|Any CPU
		{79807061-E1F8-4CF4-87BA-AB9E8CC311C1}.Release|Any CPU.ActiveCfg = Release|Any CPU
		{79807061-E1F8-4CF4-87BA-AB9E8CC311C1}.Release|Any CPU.Build.0 = Release|Any CPU
	EndGlobalSection
	GlobalSection(SolutionProperties) = preSolution
		HideSolutionNode = FALSE
	EndGlobalSection
	GlobalSection(ExtensibilityGlobals) = postSolution
		SolutionGuid = {48890DFA-DEDF-4EBC-82D7-F462379210CE}
	EndGlobalSection
EndGlobal
