
Microsoft Visual Studio Solution File, Format Version 12.00
# Visual Studio Version 16
VisualStudioVersion = 16.0.31019.35
MinimumVisualStudioVersion = 10.0.40219.1
Project("{9A19103F-16F7-4668-BE54-9A1E7A4F7556}") = "Api-intelitrader", "Api-intelitrader\Api-intelitrader.csproj", "{8937C2BB-E19F-4A77-A719-44E4837462A8}"
EndProject
Global
	GlobalSection(SolutionConfigurationPlatforms) = preSolution
		Debug|Any CPU = Debug|Any CPU
		Release|Any CPU = Release|Any CPU
	EndGlobalSection
	GlobalSection(ProjectConfigurationPlatforms) = postSolution
		{8937C2BB-E19F-4A77-A719-44E4837462A8}.Debug|Any CPU.ActiveCfg = Debug|Any CPU
		{8937C2BB-E19F-4A77-A719-44E4837462A8}.Debug|Any CPU.Build.0 = Debug|Any CPU
		{8937C2BB-E19F-4A77-A719-44E4837462A8}.Release|Any CPU.ActiveCfg = Release|Any CPU
		{8937C2BB-E19F-4A77-A719-44E4837462A8}.Release|Any CPU.Build.0 = Release|Any CPU
	EndGlobalSection
	GlobalSection(SolutionProperties) = preSolution
		HideSolutionNode = FALSE
	EndGlobalSection
	GlobalSection(ExtensibilityGlobals) = postSolution
		SolutionGuid = {1480C539-1001-4D84-BB8D-C3929888AE9D}
	EndGlobalSection
EndGlobal
